
Microsoft Visual Studio Solution File, Format Version 12.00
# Visual Studio 15
VisualStudioVersion = 15.0.26124.0
MinimumVisualStudioVersion = 15.0.26124.0
Project("{2150E333-8FDC-42A3-9474-1A3956D46DE8}") = "src", "src", "{DD65FDF8-BABE-47C9-B95A-CA504D4954F3}"
EndProject
Project("{F2A71F9B-5D33-465A-A702-920D77279786}") = "AsyncExtra", "src\AsyncExtra\AsyncExtra.fsproj", "{D20245A5-2A0C-47A7-99FD-FECE68628EFE}"
EndProject
Project("{F2A71F9B-5D33-465A-A702-920D77279786}") = "AsyncExtra.Tests", "src\AsyncExtra.Tests\AsyncExtra.Tests.fsproj", "{E2997532-49AC-45D5-8974-8B5C82719E1F}"
EndProject
Global
	GlobalSection(SolutionConfigurationPlatforms) = preSolution
		Debug|Any CPU = Debug|Any CPU
		Debug|x64 = Debug|x64
		Debug|x86 = Debug|x86
		Release|Any CPU = Release|Any CPU
		Release|x64 = Release|x64
		Release|x86 = Release|x86
	EndGlobalSection
	GlobalSection(SolutionProperties) = preSolution
		HideSolutionNode = FALSE
	EndGlobalSection
	GlobalSection(ProjectConfigurationPlatforms) = postSolution
		{D20245A5-2A0C-47A7-99FD-FECE68628EFE}.Debug|Any CPU.ActiveCfg = Debug|Any CPU
		{D20245A5-2A0C-47A7-99FD-FECE68628EFE}.Debug|Any CPU.Build.0 = Debug|Any CPU
		{D20245A5-2A0C-47A7-99FD-FECE68628EFE}.Debug|x64.ActiveCfg = Debug|Any CPU
		{D20245A5-2A0C-47A7-99FD-FECE68628EFE}.Debug|x64.Build.0 = Debug|Any CPU
		{D20245A5-2A0C-47A7-99FD-FECE68628EFE}.Debug|x86.ActiveCfg = Debug|Any CPU
		{D20245A5-2A0C-47A7-99FD-FECE68628EFE}.Debug|x86.Build.0 = Debug|Any CPU
		{D20245A5-2A0C-47A7-99FD-FECE68628EFE}.Release|Any CPU.ActiveCfg = Release|Any CPU
		{D20245A5-2A0C-47A7-99FD-FECE68628EFE}.Release|Any CPU.Build.0 = Release|Any CPU
		{D20245A5-2A0C-47A7-99FD-FECE68628EFE}.Release|x64.ActiveCfg = Release|Any CPU
		{D20245A5-2A0C-47A7-99FD-FECE68628EFE}.Release|x64.Build.0 = Release|Any CPU
		{D20245A5-2A0C-47A7-99FD-FECE68628EFE}.Release|x86.ActiveCfg = Release|Any CPU
		{D20245A5-2A0C-47A7-99FD-FECE68628EFE}.Release|x86.Build.0 = Release|Any CPU
		{E2997532-49AC-45D5-8974-8B5C82719E1F}.Debug|Any CPU.ActiveCfg = Debug|Any CPU
		{E2997532-49AC-45D5-8974-8B5C82719E1F}.Debug|Any CPU.Build.0 = Debug|Any CPU
		{E2997532-49AC-45D5-8974-8B5C82719E1F}.Debug|x64.ActiveCfg = Debug|Any CPU
		{E2997532-49AC-45D5-8974-8B5C82719E1F}.Debug|x64.Build.0 = Debug|Any CPU
		{E2997532-49AC-45D5-8974-8B5C82719E1F}.Debug|x86.ActiveCfg = Debug|Any CPU
		{E2997532-49AC-45D5-8974-8B5C82719E1F}.Debug|x86.Build.0 = Debug|Any CPU
		{E2997532-49AC-45D5-8974-8B5C82719E1F}.Release|Any CPU.ActiveCfg = Release|Any CPU
		{E2997532-49AC-45D5-8974-8B5C82719E1F}.Release|Any CPU.Build.0 = Release|Any CPU
		{E2997532-49AC-45D5-8974-8B5C82719E1F}.Release|x64.ActiveCfg = Release|Any CPU
		{E2997532-49AC-45D5-8974-8B5C82719E1F}.Release|x64.Build.0 = Release|Any CPU
		{E2997532-49AC-45D5-8974-8B5C82719E1F}.Release|x86.ActiveCfg = Release|Any CPU
		{E2997532-49AC-45D5-8974-8B5C82719E1F}.Release|x86.Build.0 = Release|Any CPU
	EndGlobalSection
	GlobalSection(NestedProjects) = preSolution
		{D20245A5-2A0C-47A7-99FD-FECE68628EFE} = {DD65FDF8-BABE-47C9-B95A-CA504D4954F3}
		{E2997532-49AC-45D5-8974-8B5C82719E1F} = {DD65FDF8-BABE-47C9-B95A-CA504D4954F3}
	EndGlobalSection
EndGlobal
